{
  "requires": true,
  "lockfileVersion": 1,
  "dependencies": {
    "dayjs": {
      "version": "1.11.1",
      "resolved": "https://registry.npmjs.org/dayjs/-/dayjs-1.11.1.tgz",
      "integrity": "sha512-ER7EjqVAMkRRsxNCC5YqJ9d9VQYuWdGt7aiH2qA5R5wt8ZmWaP2dLUSIK6y/kVzLMlmh1Tvu5xUf4M/wdGJ5KA=="
    },
    "tdesign-miniprogram": {
      "version": "0.9.0",
      "resolved": "https://registry.npmjs.org/tdesign-miniprogram/-/tdesign-miniprogram-0.9.0.tgz",
      "integrity": "sha512-tPzT1ML1P2+uFfrc/2T2azZA1We0LYPNT6eQYCcqAfquDGxSumz2NNswHQaXQu/uBsJBGJ4VX1FV1P9cxRu7eg==",
      "requires": {
        "dayjs": "^1.10.7"
      }
    }
  }
}
